{
  "name": "worker",
  "version": "1.0.0",
  "lockfileVersion": 2,
  "requires": true,
  "packages": {
    "": {
      "version": "1.0.0",
      "license": "ISC",
      "dependencies": {
        "@ucd-lib/node-kafka": "^0.0.3",
        "bindings": "^1.5.0",
        "delay": "^5.0.0",
        "file-uri-to-path": "^1.0.0",
        "nan": "^2.14.2",
        "node-rdkafka": "^v2.10.1"
      }
    },
    "node_modules/@ucd-lib/node-kafka": {
      "version": "0.0.3",
      "license": "MIT",
      "dependencies": {
        "delay": "^5.0.0",
        "node-rdkafka": "^2.10.1"
      }
    },
    "node_modules/bindings": {
      "version": "1.5.0",
      "license": "MIT",
      "dependencies": {
        "file-uri-to-path": "1.0.0"
      }
    },
    "node_modules/delay": {
      "version": "5.0.0",
      "license": "MIT",
      "engines": {
        "node": ">=10"
      },
      "funding": {
        "url": "https://github.com/sponsors/sindresorhus"
      }
    },
    "node_modules/file-uri-to-path": {
      "version": "1.0.0",
      "license": "MIT"
    },
    "node_modules/nan": {
      "version": "2.14.2",
      "license": "MIT"
    },
    "node_modules/node-rdkafka": {
      "version": "v2.10.1",
      "hasInstallScript": true,
      "license": "MIT",
      "dependencies": {
        "bindings": "^1.3.1",
        "nan": "^2.14.0"
      },
      "engines": {
        "node": ">=6.0.0"
      }
    }
  },
  "dependencies": {
    "@ucd-lib/node-kafka": {
      "version": "0.0.3",
      "requires": {
        "delay": "^5.0.0",
        "node-rdkafka": "^2.10.1"
      }
    },
    "bindings": {
      "version": "1.5.0",
      "requires": {
        "file-uri-to-path": "1.0.0"
      }
    },
    "delay": {
      "version": "5.0.0"
    },
    "file-uri-to-path": {
      "version": "1.0.0"
    },
    "nan": {
      "version": "2.14.2"
    },
    "node-rdkafka": {
      "version": "v2.10.1",
      "requires": {
        "bindings": "^1.3.1",
        "nan": "^2.14.0"
      }
    }
  }
}
